{
  "pins" : [
    {
      "identity" : "alerttoast",
      "kind" : "remoteSourceControl",
      "location" : "https://github.com/elai950/AlertToast",
      "state" : {
        "revision" : "b39252eacd159904afd7d718bba0afabb87f2f2f",
        "version" : "1.3.9"
      }
    },
    {
      "identity" : "appstoreconnect-swift-sdk",
      "kind" : "remoteSourceControl",
      "location" : "https://github.com/AvdLee/appstoreconnect-swift-sdk",
      "state" : {
        "revision" : "23d108de618a136e71bd53ad479439b80379e2ae",
        "version" : "2.3.0"
      }
    },
    {
      "identity" : "filekit",
      "kind" : "remoteSourceControl",
      "location" : "https://github.com/nvzqz/FileKit",
      "state" : {
        "revision" : "9006d2888025fbe893c3c396327b2fe45a8c177b",
        "version" : "6.1.0"
      }
    },
    {
      "identity" : "gzipswift",
      "kind" : "remoteSourceControl",
      "location" : "https://github.com/1024jp/GzipSwift",
      "state" : {
        "revision" : "7a7f17761c76a932662ab77028a4329f67d645a4",
        "version" : "5.2.0"
      }
    },
    {
      "identity" : "realm-core",
      "kind" : "remoteSourceControl",
      "location" : "https://github.com/realm/realm-core.git",
      "state" : {
        "revision" : "7227d6a447821c28895daa099b6c7cd4c99d461b",
        "version" : "13.25.1"
      }
    },
    {
      "identity" : "realm-swift",
      "kind" : "remoteSourceControl",
      "location" : "https://github.com/realm/realm-swift",
      "state" : {
        "revision" : "836cc4b8619886f979f8961c3f592a82b0741591",
        "version" : "10.45.3"
      }
    },
    {
      "identity" : "swiftcsv",
      "kind" : "remoteSourceControl",
      "location" : "https://github.com/swiftcsv/SwiftCSV",
      "state" : {
        "revision" : "b61dcd1b2b1120e751cee4cd64a16ff10364885d",
        "version" : "0.9.1"
      }
    },
    {
      "identity" : "swiftyjson",
      "kind" : "remoteSourceControl",
      "location" : "https://github.com/SwiftyJSON/SwiftyJSON",
      "state" : {
        "revision" : "b3dcd7dbd0d488e1a7077cb33b00f2083e382f07",
        "version" : "5.0.1"
      }
    },
    {
      "identity" : "swiftyuserdefaults",
      "kind" : "remoteSourceControl",
      "location" : "https://github.com/sunshinejr/SwiftyUserDefaults",
      "state" : {
        "revision" : "f66bcd04088582c8fbb5cb8554d577e303bae396",
        "version" : "5.3.0"
      }
    },
    {
      "identity" : "urlqueryencoder",
      "kind" : "remoteSourceControl",
      "location" : "https://github.com/CreateAPI/URLQueryEncoder.git",
      "state" : {
        "revision" : "4ce950479707ea109f229d7230ec074a133b15d7",
        "version" : "0.2.1"
      }
    }
  ],
  "version" : 2
}
